// !$*UTF8*$!
{
	archiveVersion = 1;
	classes = {
	};
	objectVersion = 50;
	objects = {

/* Begin PBXBuildFile section */
		7E8F1E1F214ADB200036050D /* LRLPhotoCollectionViewCell.m in Sources */ = {isa = PBXBuildFile; fileRef = 7EA10AD9214A4BE800126E5E /* LRLPhotoCollectionViewCell.m */; };
		7E8F1E20214ADB200036050D /* LRLRoverTableViewController.m in Sources */ = {isa = PBXBuildFile; fileRef = 7EA10ACF214A09F600126E5E /* LRLRoverTableViewController.m */; };
		7E8F1E21214ADB200036050D /* LRLSolTableViewController.m in Sources */ = {isa = PBXBuildFile; fileRef = 7EA10AD2214A0A0C00126E5E /* LRLSolTableViewController.m */; };
		7E8F1E22214ADB200036050D /* LRLPhotoCollectionViewController.m in Sources */ = {isa = PBXBuildFile; fileRef = 7EA10AD5214A39B900126E5E /* LRLPhotoCollectionViewController.m */; };
		7E8F1E23214ADB200036050D /* LRLMarsRoverClient.m in Sources */ = {isa = PBXBuildFile; fileRef = 7EA10ACB2149E25F00126E5E /* LRLMarsRoverClient.m */; };
		7E8F1E24214ADB200036050D /* AppDelegate.m in Sources */ = {isa = PBXBuildFile; fileRef = 7EA10AA92149B40900126E5E /* AppDelegate.m */; };
		7E8F1E25214ADB200036050D /* main.m in Sources */ = {isa = PBXBuildFile; fileRef = 7EA10AB72149B40B00126E5E /* main.m */; };
		7E8F1E26214ADB200036050D /* LRLRover.m in Sources */ = {isa = PBXBuildFile; fileRef = 7EA10AC02149B64600126E5E /* LRLRover.m */; };
		7E8F1E27214ADB200036050D /* LRLPhoto.m in Sources */ = {isa = PBXBuildFile; fileRef = 7EA10AC72149CA5E00126E5E /* LRLPhoto.m */; };
		7E8F1E28214ADB200036050D /* LRLSolDescription.m in Sources */ = {isa = PBXBuildFile; fileRef = 7EA10AC42149C95400126E5E /* LRLSolDescription.m */; };
		7E8F1E2B214AE3720036050D /* LRLPhotoCache.m in Sources */ = {isa = PBXBuildFile; fileRef = 7E8F1E2A214AE3720036050D /* LRLPhotoCache.m */; };
		7E8F1E2E214B03310036050D /* LRLPictureDetailViewController.swift in Sources */ = {isa = PBXBuildFile; fileRef = 7E8F1E2D214B03310036050D /* LRLPictureDetailViewController.swift */; };
		7EA10AB02149B40900126E5E /* Main.storyboard in Resources */ = {isa = PBXBuildFile; fileRef = 7EA10AAE2149B40900126E5E /* Main.storyboard */; };
		7EA10AB22149B40B00126E5E /* Assets.xcassets in Resources */ = {isa = PBXBuildFile; fileRef = 7EA10AB12149B40B00126E5E /* Assets.xcassets */; };
		7EA10AB52149B40B00126E5E /* LaunchScreen.storyboard in Resources */ = {isa = PBXBuildFile; fileRef = 7EA10AB32149B40B00126E5E /* LaunchScreen.storyboard */; };
/* End PBXBuildFile section */

/* Begin PBXFileReference section */
		7E8F1E29214AE3720036050D /* LRLPhotoCache.h */ = {isa = PBXFileReference; lastKnownFileType = sourcecode.c.h; path = LRLPhotoCache.h; sourceTree = "<group>"; };
		7E8F1E2A214AE3720036050D /* LRLPhotoCache.m */ = {isa = PBXFileReference; lastKnownFileType = sourcecode.c.objc; path = LRLPhotoCache.m; sourceTree = "<group>"; };
		7E8F1E2C214B03300036050D /* RoverC-Bridging-Header.h */ = {isa = PBXFileReference; lastKnownFileType = sourcecode.c.h; path = "RoverC-Bridging-Header.h"; sourceTree = "<group>"; };
		7E8F1E2D214B03310036050D /* LRLPictureDetailViewController.swift */ = {isa = PBXFileReference; lastKnownFileType = sourcecode.swift; path = LRLPictureDetailViewController.swift; sourceTree = "<group>"; };
		7EA10AA52149B40900126E5E /* RoverC.app */ = {isa = PBXFileReference; explicitFileType = wrapper.application; includeInIndex = 0; path = RoverC.app; sourceTree = BUILT_PRODUCTS_DIR; };
		7EA10AA82149B40900126E5E /* AppDelegate.h */ = {isa = PBXFileReference; lastKnownFileType = sourcecode.c.h; path = AppDelegate.h; sourceTree = "<group>"; };
		7EA10AA92149B40900126E5E /* AppDelegate.m */ = {isa = PBXFileReference; lastKnownFileType = sourcecode.c.objc; path = AppDelegate.m; sourceTree = "<group>"; };
		7EA10AAF2149B40900126E5E /* Base */ = {isa = PBXFileReference; lastKnownFileType = file.storyboard; name = Base; path = Base.lproj/Main.storyboard; sourceTree = "<group>"; };
		7EA10AB12149B40B00126E5E /* Assets.xcassets */ = {isa = PBXFileReference; lastKnownFileType = folder.assetcatalog; path = Assets.xcassets; sourceTree = "<group>"; };
		7EA10AB42149B40B00126E5E /* Base */ = {isa = PBXFileReference; lastKnownFileType = file.storyboard; name = Base; path = Base.lproj/LaunchScreen.storyboard; sourceTree = "<group>"; };
		7EA10AB62149B40B00126E5E /* Info.plist */ = {isa = PBXFileReference; lastKnownFileType = text.plist.xml; path = Info.plist; sourceTree = "<group>"; };
		7EA10AB72149B40B00126E5E /* main.m */ = {isa = PBXFileReference; lastKnownFileType = sourcecode.c.objc; path = main.m; sourceTree = "<group>"; };
		7EA10ABF2149B64600126E5E /* LRLRover.h */ = {isa = PBXFileReference; lastKnownFileType = sourcecode.c.h; path = LRLRover.h; sourceTree = "<group>"; };
		7EA10AC02149B64600126E5E /* LRLRover.m */ = {isa = PBXFileReference; lastKnownFileType = sourcecode.c.objc; path = LRLRover.m; sourceTree = "<group>"; };
		7EA10AC32149C95400126E5E /* LRLSolDescription.h */ = {isa = PBXFileReference; lastKnownFileType = sourcecode.c.h; path = LRLSolDescription.h; sourceTree = "<group>"; };
		7EA10AC42149C95400126E5E /* LRLSolDescription.m */ = {isa = PBXFileReference; lastKnownFileType = sourcecode.c.objc; path = LRLSolDescription.m; sourceTree = "<group>"; };
		7EA10AC62149CA5E00126E5E /* LRLPhoto.h */ = {isa = PBXFileReference; lastKnownFileType = sourcecode.c.h; path = LRLPhoto.h; sourceTree = "<group>"; };
		7EA10AC72149CA5E00126E5E /* LRLPhoto.m */ = {isa = PBXFileReference; lastKnownFileType = sourcecode.c.objc; path = LRLPhoto.m; sourceTree = "<group>"; };
		7EA10ACA2149E25F00126E5E /* LRLMarsRoverClient.h */ = {isa = PBXFileReference; lastKnownFileType = sourcecode.c.h; path = LRLMarsRoverClient.h; sourceTree = "<group>"; };
		7EA10ACB2149E25F00126E5E /* LRLMarsRoverClient.m */ = {isa = PBXFileReference; lastKnownFileType = sourcecode.c.objc; path = LRLMarsRoverClient.m; sourceTree = "<group>"; };
		7EA10ACE214A09F600126E5E /* LRLRoverTableViewController.h */ = {isa = PBXFileReference; lastKnownFileType = sourcecode.c.h; path = LRLRoverTableViewController.h; sourceTree = "<group>"; };
		7EA10ACF214A09F600126E5E /* LRLRoverTableViewController.m */ = {isa = PBXFileReference; lastKnownFileType = sourcecode.c.objc; path = LRLRoverTableViewController.m; sourceTree = "<group>"; };
		7EA10AD1214A0A0C00126E5E /* LRLSolTableViewController.h */ = {isa = PBXFileReference; lastKnownFileType = sourcecode.c.h; path = LRLSolTableViewController.h; sourceTree = "<group>"; };
		7EA10AD2214A0A0C00126E5E /* LRLSolTableViewController.m */ = {isa = PBXFileReference; lastKnownFileType = sourcecode.c.objc; path = LRLSolTableViewController.m; sourceTree = "<group>"; };
		7EA10AD4214A39B900126E5E /* LRLPhotoCollectionViewController.h */ = {isa = PBXFileReference; lastKnownFileType = sourcecode.c.h; path = LRLPhotoCollectionViewController.h; sourceTree = "<group>"; };
		7EA10AD5214A39B900126E5E /* LRLPhotoCollectionViewController.m */ = {isa = PBXFileReference; lastKnownFileType = sourcecode.c.objc; path = LRLPhotoCollectionViewController.m; sourceTree = "<group>"; };
		7EA10AD8214A4BE800126E5E /* LRLPhotoCollectionViewCell.h */ = {isa = PBXFileReference; lastKnownFileType = sourcecode.c.h; path = LRLPhotoCollectionViewCell.h; sourceTree = "<group>"; };
		7EA10AD9214A4BE800126E5E /* LRLPhotoCollectionViewCell.m */ = {isa = PBXFileReference; lastKnownFileType = sourcecode.c.objc; path = LRLPhotoCollectionViewCell.m; sourceTree = "<group>"; };
/* End PBXFileReference section */

/* Begin PBXFrameworksBuildPhase section */
		7EA10AA22149B40900126E5E /* Frameworks */ = {
			isa = PBXFrameworksBuildPhase;
			buildActionMask = 2147483647;
			files = (
			);
			runOnlyForDeploymentPostprocessing = 0;
		};
/* End PBXFrameworksBuildPhase section */

/* Begin PBXGroup section */
		7EA10A9C2149B40800126E5E = {
			isa = PBXGroup;
			children = (
				7EA10AA72149B40900126E5E /* RoverC */,
				7EA10AA62149B40900126E5E /* Products */,
			);
			sourceTree = "<group>";
		};
		7EA10AA62149B40900126E5E /* Products */ = {
			isa = PBXGroup;
			children = (
				7EA10AA52149B40900126E5E /* RoverC.app */,
			);
			name = Products;
			sourceTree = "<group>";
		};
		7EA10AA72149B40900126E5E /* RoverC */ = {
			isa = PBXGroup;
			children = (
				7EA10AD7214A4BD300126E5E /* View */,
				7EA10ACD214A09CF00126E5E /* ViewController */,
				7EA10AC92149E23B00126E5E /* Client */,
				7EA10ABE2149B54400126E5E /* Resorces */,
				7EA10AC22149B64E00126E5E /* Model */,
				7E8F1E29214AE3720036050D /* LRLPhotoCache.h */,
				7E8F1E2A214AE3720036050D /* LRLPhotoCache.m */,
			);
			path = RoverC;
			sourceTree = "<group>";
		};
		7EA10ABE2149B54400126E5E /* Resorces */ = {
			isa = PBXGroup;
			children = (
				7EA10AA82149B40900126E5E /* AppDelegate.h */,
				7EA10AA92149B40900126E5E /* AppDelegate.m */,
				7EA10AAE2149B40900126E5E /* Main.storyboard */,
				7EA10AB12149B40B00126E5E /* Assets.xcassets */,
				7EA10AB32149B40B00126E5E /* LaunchScreen.storyboard */,
				7EA10AB62149B40B00126E5E /* Info.plist */,
				7EA10AB72149B40B00126E5E /* main.m */,
			);
			path = Resorces;
			sourceTree = "<group>";
		};
		7EA10AC22149B64E00126E5E /* Model */ = {
			isa = PBXGroup;
			children = (
				7EA10ABF2149B64600126E5E /* LRLRover.h */,
				7EA10AC02149B64600126E5E /* LRLRover.m */,
				7EA10AC62149CA5E00126E5E /* LRLPhoto.h */,
				7EA10AC72149CA5E00126E5E /* LRLPhoto.m */,
				7EA10AC32149C95400126E5E /* LRLSolDescription.h */,
				7EA10AC42149C95400126E5E /* LRLSolDescription.m */,
			);
			path = Model;
			sourceTree = "<group>";
		};
		7EA10AC92149E23B00126E5E /* Client */ = {
			isa = PBXGroup;
			children = (
				7EA10ACA2149E25F00126E5E /* LRLMarsRoverClient.h */,
				7EA10ACB2149E25F00126E5E /* LRLMarsRoverClient.m */,
			);
			path = Client;
			sourceTree = "<group>";
		};
		7EA10ACD214A09CF00126E5E /* ViewController */ = {
			isa = PBXGroup;
			children = (
				7EA10ACE214A09F600126E5E /* LRLRoverTableViewController.h */,
				7EA10ACF214A09F600126E5E /* LRLRoverTableViewController.m */,
				7EA10AD1214A0A0C00126E5E /* LRLSolTableViewController.h */,
				7EA10AD2214A0A0C00126E5E /* LRLSolTableViewController.m */,
				7EA10AD4214A39B900126E5E /* LRLPhotoCollectionViewController.h */,
				7EA10AD5214A39B900126E5E /* LRLPhotoCollectionViewController.m */,
				7E8F1E2D214B03310036050D /* LRLPictureDetailViewController.swift */,
				7E8F1E2C214B03300036050D /* RoverC-Bridging-Header.h */,
			);
			path = ViewController;
			sourceTree = "<group>";
		};
		7EA10AD7214A4BD300126E5E /* View */ = {
			isa = PBXGroup;
			children = (
				7EA10AD8214A4BE800126E5E /* LRLPhotoCollectionViewCell.h */,
				7EA10AD9214A4BE800126E5E /* LRLPhotoCollectionViewCell.m */,
			);
			path = View;
			sourceTree = "<group>";
		};
/* End PBXGroup section */

/* Begin PBXNativeTarget section */
		7EA10AA42149B40900126E5E /* RoverC */ = {
			isa = PBXNativeTarget;
			buildConfigurationList = 7EA10ABB2149B40B00126E5E /* Build configuration list for PBXNativeTarget "RoverC" */;
			buildPhases = (
				7EA10AA12149B40900126E5E /* Sources */,
				7EA10AA22149B40900126E5E /* Frameworks */,
				7EA10AA32149B40900126E5E /* Resources */,
			);
			buildRules = (
			);
			dependencies = (
			);
			name = RoverC;
			productName = RoverC;
			productReference = 7EA10AA52149B40900126E5E /* RoverC.app */;
			productType = "com.apple.product-type.application";
		};
/* End PBXNativeTarget section */

/* Begin PBXProject section */
		7EA10A9D2149B40800126E5E /* Project object */ = {
			isa = PBXProject;
			attributes = {
				LastUpgradeCheck = 0940;
				ORGANIZATIONNAME = "Levi Linchenko";
				TargetAttributes = {
					7EA10AA42149B40900126E5E = {
						CreatedOnToolsVersion = 9.4.1;
						LastSwiftMigration = 1000;
					};
				};
			};
			buildConfigurationList = 7EA10AA02149B40800126E5E /* Build configuration list for PBXProject "RoverC" */;
			compatibilityVersion = "Xcode 9.3";
			developmentRegion = en;
			hasScannedForEncodings = 0;
			knownRegions = (
				en,
				Base,
			);
			mainGroup = 7EA10A9C2149B40800126E5E;
			productRefGroup = 7EA10AA62149B40900126E5E /* Products */;
			projectDirPath = "";
			projectRoot = "";
			targets = (
				7EA10AA42149B40900126E5E /* RoverC */,
			);
		};
/* End PBXProject section */

/* Begin PBXResourcesBuildPhase section */
		7EA10AA32149B40900126E5E /* Resources */ = {
			isa = PBXResourcesBuildPhase;
			buildActionMask = 2147483647;
			files = (
				7EA10AB52149B40B00126E5E /* LaunchScreen.storyboard in Resources */,
				7EA10AB22149B40B00126E5E /* Assets.xcassets in Resources */,
				7EA10AB02149B40900126E5E /* Main.storyboard in Resources */,
			);
			runOnlyForDeploymentPostprocessing = 0;
		};
/* End PBXResourcesBuildPhase section */

/* Begin PBXSourcesBuildPhase section */
		7EA10AA12149B40900126E5E /* Sources */ = {
			isa = PBXSourcesBuildPhase;
			buildActionMask = 2147483647;
			files = (
				7E8F1E1F214ADB200036050D /* LRLPhotoCollectionViewCell.m in Sources */,
				7E8F1E20214ADB200036050D /* LRLRoverTableViewController.m in Sources */,
				7E8F1E21214ADB200036050D /* LRLSolTableViewController.m in Sources */,
				7E8F1E2E214B03310036050D /* LRLPictureDetailViewController.swift in Sources */,
				7E8F1E2B214AE3720036050D /* LRLPhotoCache.m in Sources */,
				7E8F1E22214ADB200036050D /* LRLPhotoCollectionViewController.m in Sources */,
				7E8F1E23214ADB200036050D /* LRLMarsRoverClient.m in Sources */,
				7E8F1E24214ADB200036050D /* AppDelegate.m in Sources */,
				7E8F1E25214ADB200036050D /* main.m in Sources */,
				7E8F1E26214ADB200036050D /* LRLRover.m in Sources */,
				7E8F1E27214ADB200036050D /* LRLPhoto.m in Sources */,
				7E8F1E28214ADB200036050D /* LRLSolDescription.m in Sources */,
			);
			runOnlyForDeploymentPostprocessing = 0;
		};
/* End PBXSourcesBuildPhase section */

/* Begin PBXVariantGroup section */
		7EA10AAE2149B40900126E5E /* Main.storyboard */ = {
			isa = PBXVariantGroup;
			children = (
				7EA10AAF2149B40900126E5E /* Base */,
			);
			name = Main.storyboard;
			sourceTree = "<group>";
		};
		7EA10AB32149B40B00126E5E /* LaunchScreen.storyboard */ = {
			isa = PBXVariantGroup;
			children = (
				7EA10AB42149B40B00126E5E /* Base */,
			);
			name = LaunchScreen.storyboard;
			sourceTree = "<group>";
		};
/* End PBXVariantGroup section */

/* Begin XCBuildConfiguration section */
		7EA10AB92149B40B00126E5E /* Debug */ = {
			isa = XCBuildConfiguration;
			buildSettings = {
				ALWAYS_SEARCH_USER_PATHS = NO;
				CLANG_ANALYZER_NONNULL = YES;
				CLANG_ANALYZER_NUMBER_OBJECT_CONVERSION = YES_AGGRESSIVE;
				CLANG_CXX_LANGUAGE_STANDARD = "gnu++14";
				CLANG_CXX_LIBRARY = "libc++";
				CLANG_ENABLE_MODULES = YES;
				CLANG_ENABLE_OBJC_ARC = YES;
				CLANG_ENABLE_OBJC_WEAK = YES;
				CLANG_WARN_BLOCK_CAPTURE_AUTORELEASING = YES;
				CLANG_WARN_BOOL_CONVERSION = YES;
				CLANG_WARN_COMMA = YES;
				CLANG_WARN_CONSTANT_CONVERSION = YES;
				CLANG_WARN_DEPRECATED_OBJC_IMPLEMENTATIONS = YES;
				CLANG_WARN_DIRECT_OBJC_ISA_USAGE = YES_ERROR;
				CLANG_WARN_DOCUMENTATION_COMMENTS = YES;
				CLANG_WARN_EMPTY_BODY = YES;
				CLANG_WARN_ENUM_CONVERSION = YES;
				CLANG_WARN_INFINITE_RECURSION = YES;
				CLANG_WARN_INT_CONVERSION = YES;
				CLANG_WARN_NON_LITERAL_NULL_CONVERSION = YES;
				CLANG_WARN_OBJC_IMPLICIT_RETAIN_SELF = YES;
				CLANG_WARN_OBJC_LITERAL_CONVERSION = YES;
				CLANG_WARN_OBJC_ROOT_CLASS = YES_ERROR;
				CLANG_WARN_RANGE_LOOP_ANALYSIS = YES;
				CLANG_WARN_STRICT_PROTOTYPES = YES;
				CLANG_WARN_SUSPICIOUS_MOVE = YES;
				CLANG_WARN_UNGUARDED_AVAILABILITY = YES_AGGRESSIVE;
				CLANG_WARN_UNREACHABLE_CODE = YES;
				CLANG_WARN__DUPLICATE_METHOD_MATCH = YES;
				CODE_SIGN_IDENTITY = "iPhone Developer";
				COPY_PHASE_STRIP = NO;
				DEBUG_INFORMATION_FORMAT = dwarf;
				ENABLE_STRICT_OBJC_MSGSEND = YES;
				ENABLE_TESTABILITY = YES;
				GCC_C_LANGUAGE_STANDARD = gnu11;
				GCC_DYNAMIC_NO_PIC = NO;
				GCC_NO_COMMON_BLOCKS = YES;
				GCC_OPTIMIZATION_LEVEL = 0;
				GCC_PREPROCESSOR_DEFINITIONS = (
					"DEBUG=1",
					"$(inherited)",
				);
				GCC_WARN_64_TO_32_BIT_CONVERSION = YES;
				GCC_WARN_ABOUT_RETURN_TYPE = YES_ERROR;
				GCC_WARN_UNDECLARED_SELECTOR = YES;
				GCC_WARN_UNINITIALIZED_AUTOS = YES_AGGRESSIVE;
				GCC_WARN_UNUSED_FUNCTION = YES;
				GCC_WARN_UNUSED_VARIABLE = YES;
				IPHONEOS_DEPLOYMENT_TARGET = 11.4;
				MTL_ENABLE_DEBUG_INFO = YES;
				ONLY_ACTIVE_ARCH = YES;
				SDKROOT = iphoneos;
			};
			name = Debug;
		};
		7EA10ABA2149B40B00126E5E /* Release */ = {
			isa = XCBuildConfiguration;
			buildSettings = {
				ALWAYS_SEARCH_USER_PATHS = NO;
				CLANG_ANALYZER_NONNULL = YES;
				CLANG_ANALYZER_NUMBER_OBJECT_CONVERSION = YES_AGGRESSIVE;
				CLANG_CXX_LANGUAGE_STANDARD = "gnu++14";
				CLANG_CXX_LIBRARY = "libc++";
				CLANG_ENABLE_MODULES = YES;
				CLANG_ENABLE_OBJC_ARC = YES;
				CLANG_ENABLE_OBJC_WEAK = YES;
				CLANG_WARN_BLOCK_CAPTURE_AUTORELEASING = YES;
				CLANG_WARN_BOOL_CONVERSION = YES;
				CLANG_WARN_COMMA = YES;
				CLANG_WARN_CONSTANT_CONVERSION = YES;
				CLANG_WARN_DEPRECATED_OBJC_IMPLEMENTATIONS = YES;
				CLANG_WARN_DIRECT_OBJC_ISA_USAGE = YES_ERROR;
				CLANG_WARN_DOCUMENTATION_COMMENTS = YES;
				CLANG_WARN_EMPTY_BODY = YES;
				CLANG_WARN_ENUM_CONVERSION = YES;
				CLANG_WARN_INFINITE_RECURSION = YES;
				CLANG_WARN_INT_CONVERSION = YES;
				CLANG_WARN_NON_LITERAL_NULL_CONVERSION = YES;
				CLANG_WARN_OBJC_IMPLICIT_RETAIN_SELF = YES;
				CLANG_WARN_OBJC_LITERAL_CONVERSION = YES;
				CLANG_WARN_OBJC_ROOT_CLASS = YES_ERROR;
				CLANG_WARN_RANGE_LOOP_ANALYSIS = YES;
				CLANG_WARN_STRICT_PROTOTYPES = YES;
				CLANG_WARN_SUSPICIOUS_MOVE = YES;
				CLANG_WARN_UNGUARDED_AVAILABILITY = YES_AGGRESSIVE;
				CLANG_WARN_UNREACHABLE_CODE = YES;
				CLANG_WARN__DUPLICATE_METHOD_MATCH = YES;
				CODE_SIGN_IDENTITY = "iPhone Developer";
				COPY_PHASE_STRIP = NO;
				DEBUG_INFORMATION_FORMAT = "dwarf-with-dsym";
				ENABLE_NS_ASSERTIONS = NO;
				ENABLE_STRICT_OBJC_MSGSEND = YES;
				GCC_C_LANGUAGE_STANDARD = gnu11;
				GCC_NO_COMMON_BLOCKS = YES;
				GCC_WARN_64_TO_32_BIT_CONVERSION = YES;
				GCC_WARN_ABOUT_RETURN_TYPE = YES_ERROR;
				GCC_WARN_UNDECLARED_SELECTOR = YES;
				GCC_WARN_UNINITIALIZED_AUTOS = YES_AGGRESSIVE;
				GCC_WARN_UNUSED_FUNCTION = YES;
				GCC_WARN_UNUSED_VARIABLE = YES;
				IPHONEOS_DEPLOYMENT_TARGET = 11.4;
				MTL_ENABLE_DEBUG_INFO = NO;
				SDKROOT = iphoneos;
				VALIDATE_PRODUCT = YES;
			};
			name = Release;
		};
		7EA10ABC2149B40B00126E5E /* Debug */ = {
			isa = XCBuildConfiguration;
			buildSettings = {
				ALWAYS_SEARCH_USER_PATHS = YES;
				ASSETCATALOG_COMPILER_APPICON_NAME = AppIcon;
				CLANG_ENABLE_MODULES = YES;
				CODE_SIGN_STYLE = Automatic;
				DEVELOPMENT_TEAM = ASRKL3D2BB;
				"HEADER_SEARCH_PATHS[arch=*]" = "";
				INFOPLIST_FILE = "$(SRCROOT)/RoverC/Resorces/Info.plist";
				LD_RUNPATH_SEARCH_PATHS = (
					"$(inherited)",
					"@executable_path/Frameworks",
				);
				PRODUCT_BUNDLE_IDENTIFIER = com.goophones.RoverC;
				PRODUCT_NAME = "$(TARGET_NAME)";
				SWIFT_OBJC_BRIDGING_HEADER = "RoverC/ViewController/RoverC-Bridging-Header.h";
				SWIFT_OPTIMIZATION_LEVEL = "-Onone";
				SWIFT_VERSION = 4.2;
				TARGETED_DEVICE_FAMILY = "1,2";
			};
			name = Debug;
		};
		7EA10ABD2149B40B00126E5E /* Release */ = {
			isa = XCBuildConfiguration;
			buildSettings = {
				ALWAYS_SEARCH_USER_PATHS = YES;
				ASSETCATALOG_COMPILER_APPICON_NAME = AppIcon;
				CLANG_ENABLE_MODULES = YES;
				CODE_SIGN_STYLE = Automatic;
				DEVELOPMENT_TEAM = ASRKL3D2BB;
				INFOPLIST_FILE = "$(SRCROOT)/RoverC/Resorces/Info.plist";
				LD_RUNPATH_SEARCH_PATHS = (
					"$(inherited)",
					"@executable_path/Frameworks",
				);
				PRODUCT_BUNDLE_IDENTIFIER = com.goophones.RoverC;
				PRODUCT_NAME = "$(TARGET_NAME)";
				SWIFT_OBJC_BRIDGING_HEADER = "RoverC/ViewController/RoverC-Bridging-Header.h";
				SWIFT_VERSION = 4.2;
				TARGETED_DEVICE_FAMILY = "1,2";
			};
			name = Release;
		};
/* End XCBuildConfiguration section */

/* Begin XCConfigurationList section */
		7EA10AA02149B40800126E5E /* Build configuration list for PBXProject "RoverC" */ = {
			isa = XCConfigurationList;
			buildConfigurations = (
				7EA10AB92149B40B00126E5E /* Debug */,
				7EA10ABA2149B40B00126E5E /* Release */,
			);
			defaultConfigurationIsVisible = 0;
			defaultConfigurationName = Release;
		};
		7EA10ABB2149B40B00126E5E /* Build configuration list for PBXNativeTarget "RoverC" */ = {
			isa = XCConfigurationList;
			buildConfigurations = (
				7EA10ABC2149B40B00126E5E /* Debug */,
				7EA10ABD2149B40B00126E5E /* Release */,
			);
			defaultConfigurationIsVisible = 0;
			defaultConfigurationName = Release;
		};
/* End XCConfigurationList section */
	};
	rootObject = 7EA10A9D2149B40800126E5E /* Project object */;
}
